
Microsoft Visual Studio Solution File, Format Version 12.00
# Visual Studio Version 16
VisualStudioVersion = 16.0.30320.27
MinimumVisualStudioVersion = 10.0.40219.1
Project("{FAE04EC0-301F-11D3-BF4B-00C04F79EFBC}") = "АлтГУ Тестовое задание Employee", "АлтГУ Тестовое задание Employee\АлтГУ Тестовое задание Employee.csproj", "{A3F1D7C6-F643-4807-A017-92231C01AA55}"
EndProject
Global
	GlobalSection(SolutionConfigurationPlatforms) = preSolution
		Debug|Any CPU = Debug|Any CPU
		Release|Any CPU = Release|Any CPU
	EndGlobalSection
	GlobalSection(ProjectConfigurationPlatforms) = postSolution
		{A3F1D7C6-F643-4807-A017-92231C01AA55}.Debug|Any CPU.ActiveCfg = Debug|Any CPU
		{A3F1D7C6-F643-4807-A017-92231C01AA55}.Debug|Any CPU.Build.0 = Debug|Any CPU
		{A3F1D7C6-F643-4807-A017-92231C01AA55}.Release|Any CPU.ActiveCfg = Release|Any CPU
		{A3F1D7C6-F643-4807-A017-92231C01AA55}.Release|Any CPU.Build.0 = Release|Any CPU
	EndGlobalSection
	GlobalSection(SolutionProperties) = preSolution
		HideSolutionNode = FALSE
	EndGlobalSection
	GlobalSection(ExtensibilityGlobals) = postSolution
		SolutionGuid = {E6BD4206-F11A-4095-8951-1C4621523937}
	EndGlobalSection
EndGlobal
